{
  "packages": {
    "demo": {
      "name": "demo",
      "type": "dir",
      "path": "demo",
      "setting": {
        "name": "Demo",
        "identification": "demo",
        "version": "0.0.1",
        "description": "描述",
        "copyright": "合肥好多帮信息科技有限公司",
        "plugin": [],
        "extend": [
          {"mode": "GET", "route": "/", "handler": "Index@index"}
        ],
        "command": [
          {"class": "commands\\DTestCommand", "mode": "HAS_COMMAND"}
        ]
      }
    }
  }
}
